Microsoft Visual Studio Solution File, Format Version 12.00
# Visual Studio 2012
Project("{FAE04EC0-301F-11D3-BF4B-00C04F79EFBC}") = "TowerDefense 0", "TowerDefense 0.csproj", "{3BD2AF3A-0398-451E-99E1-81A44E03F0DA}"
EndProject
Global
	GlobalSection(SolutionConfigurationPlatforms) = preSolution
	Debug|Any CPU = Debug|Any CPU
	ExportDebug|Any CPU = ExportDebug|Any CPU
	ExportRelease|Any CPU = ExportRelease|Any CPU
	EndGlobalSection
	GlobalSection(ProjectConfigurationPlatforms) = postSolution
		{3BD2AF3A-0398-451E-99E1-81A44E03F0DA}.Debug|Any CPU.ActiveCfg = Debug|Any CPU
		{3BD2AF3A-0398-451E-99E1-81A44E03F0DA}.Debug|Any CPU.Build.0 = Debug|Any CPU
		{3BD2AF3A-0398-451E-99E1-81A44E03F0DA}.ExportDebug|Any CPU.ActiveCfg = ExportDebug|Any CPU
		{3BD2AF3A-0398-451E-99E1-81A44E03F0DA}.ExportDebug|Any CPU.Build.0 = ExportDebug|Any CPU
		{3BD2AF3A-0398-451E-99E1-81A44E03F0DA}.ExportRelease|Any CPU.ActiveCfg = ExportRelease|Any CPU
		{3BD2AF3A-0398-451E-99E1-81A44E03F0DA}.ExportRelease|Any CPU.Build.0 = ExportRelease|Any CPU
	EndGlobalSection
EndGlobal
